
Microsoft Visual Studio Solution File, Format Version 12.00
# Visual Studio Version 17
VisualStudioVersion = 17.2.32630.192
MinimumVisualStudioVersion = 10.0.40219.1
Project("{9A19103F-16F7-4668-BE54-9A1E7A4F7556}") = "R5T.F0047.Construction", "R5T.F0047.Construction\R5T.F0047.Construction.csproj", "{DBEA8153-4461-4027-93AD-2A232780DCC7}"
EndProject
Project("{9A19103F-16F7-4668-BE54-9A1E7A4F7556}") = "R5T.F0047", "R5T.F0047\R5T.F0047.csproj", "{CB37A8E1-5F10-4070-9015-518FD6CAD2CF}"
EndProject
Project("{2150E333-8FDC-42A3-9474-1A3956D46DE8}") = "_Dependencies", "_Dependencies", "{33AD4EF7-14A5-490F-B753-084D2608B969}"
EndProject
Project("{9A19103F-16F7-4668-BE54-9A1E7A4F7556}") = "R5T.L0066", "..\..\R5T.L0066\source\R5T.L0066\R5T.L0066.csproj", "{EF8D914E-8F4E-4F83-B701-4713E1E995A6}"
EndProject
Project("{9A19103F-16F7-4668-BE54-9A1E7A4F7556}") = "R5T.T0131", "..\..\R5T.T0131\source\R5T.T0131\R5T.T0131.csproj", "{20E43F21-0588-472C-9745-CF155337B55F}"
EndProject
Project("{9A19103F-16F7-4668-BE54-9A1E7A4F7556}") = "R5T.T0132", "..\..\R5T.T0132\source\R5T.T0132\R5T.T0132.csproj", "{62191E12-B194-47DE-9328-E3F01E7CB12E}"
EndProject
Project("{9A19103F-16F7-4668-BE54-9A1E7A4F7556}") = "R5T.T0142", "..\..\R5T.T0142\source\R5T.T0142\R5T.T0142.csproj", "{982FBD14-3AAC-43E4-B357-3D325576191F}"
EndProject
Project("{9A19103F-16F7-4668-BE54-9A1E7A4F7556}") = "R5T.T0143", "..\..\R5T.T0143\source\R5T.T0143\R5T.T0143.csproj", "{4B116E97-CCC3-4B68-BEDB-DBD1FD7DB053}"
EndProject
Project("{9A19103F-16F7-4668-BE54-9A1E7A4F7556}") = "R5T.T0156", "..\..\R5T.T0156\source\R5T.T0156\R5T.T0156.csproj", "{E4954EE1-6FE6-4798-B3B2-7B32ADCA15C0}"
EndProject
Project("{9A19103F-16F7-4668-BE54-9A1E7A4F7556}") = "R5T.Y0006", "..\..\R5T.Y0006\source\R5T.Y0006\R5T.Y0006.csproj", "{997C42D1-D625-4035-B019-A2F88576A828}"
EndProject
Project("{9A19103F-16F7-4668-BE54-9A1E7A4F7556}") = "R5T.Z0013", "..\..\R5T.Z0013\source\R5T.Z0013\R5T.Z0013.csproj", "{45AF68D6-8048-4533-8001-C3025CF8EB43}"
EndProject
Global
	GlobalSection(NestedProjects) = preSolution
		{EF8D914E-8F4E-4F83-B701-4713E1E995A6} = {33AD4EF7-14A5-490F-B753-084D2608B969}
		{20E43F21-0588-472C-9745-CF155337B55F} = {33AD4EF7-14A5-490F-B753-084D2608B969}
		{62191E12-B194-47DE-9328-E3F01E7CB12E} = {33AD4EF7-14A5-490F-B753-084D2608B969}
		{982FBD14-3AAC-43E4-B357-3D325576191F} = {33AD4EF7-14A5-490F-B753-084D2608B969}
		{4B116E97-CCC3-4B68-BEDB-DBD1FD7DB053} = {33AD4EF7-14A5-490F-B753-084D2608B969}
		{E4954EE1-6FE6-4798-B3B2-7B32ADCA15C0} = {33AD4EF7-14A5-490F-B753-084D2608B969}
		{997C42D1-D625-4035-B019-A2F88576A828} = {33AD4EF7-14A5-490F-B753-084D2608B969}
		{45AF68D6-8048-4533-8001-C3025CF8EB43} = {33AD4EF7-14A5-490F-B753-084D2608B969}
	EndGlobalSection
	GlobalSection(SolutionConfigurationPlatforms) = preSolution
		Debug|Any CPU = Debug|Any CPU
		Release|Any CPU = Release|Any CPU
	EndGlobalSection
	GlobalSection(ProjectConfigurationPlatforms) = postSolution
		{DBEA8153-4461-4027-93AD-2A232780DCC7}.Debug|Any CPU.ActiveCfg = Debug|Any CPU
		{DBEA8153-4461-4027-93AD-2A232780DCC7}.Debug|Any CPU.Build.0 = Debug|Any CPU
		{DBEA8153-4461-4027-93AD-2A232780DCC7}.Release|Any CPU.ActiveCfg = Release|Any CPU
		{DBEA8153-4461-4027-93AD-2A232780DCC7}.Release|Any CPU.Build.0 = Release|Any CPU
		{CB37A8E1-5F10-4070-9015-518FD6CAD2CF}.Debug|Any CPU.ActiveCfg = Debug|Any CPU
		{CB37A8E1-5F10-4070-9015-518FD6CAD2CF}.Debug|Any CPU.Build.0 = Debug|Any CPU
		{CB37A8E1-5F10-4070-9015-518FD6CAD2CF}.Release|Any CPU.ActiveCfg = Release|Any CPU
		{CB37A8E1-5F10-4070-9015-518FD6CAD2CF}.Release|Any CPU.Build.0 = Release|Any CPU
		{EF8D914E-8F4E-4F83-B701-4713E1E995A6}.Debug|Any CPU.ActiveCfg = Debug|Any CPU
		{EF8D914E-8F4E-4F83-B701-4713E1E995A6}.Debug|Any CPU.Build.0 = Debug|Any CPU
		{EF8D914E-8F4E-4F83-B701-4713E1E995A6}.Release|Any CPU.ActiveCfg = Release|Any CPU
		{EF8D914E-8F4E-4F83-B701-4713E1E995A6}.Release|Any CPU.Build.0 = Release|Any CPU
		{20E43F21-0588-472C-9745-CF155337B55F}.Debug|Any CPU.ActiveCfg = Debug|Any CPU
		{20E43F21-0588-472C-9745-CF155337B55F}.Debug|Any CPU.Build.0 = Debug|Any CPU
		{20E43F21-0588-472C-9745-CF155337B55F}.Release|Any CPU.ActiveCfg = Release|Any CPU
		{20E43F21-0588-472C-9745-CF155337B55F}.Release|Any CPU.Build.0 = Release|Any CPU
		{62191E12-B194-47DE-9328-E3F01E7CB12E}.Debug|Any CPU.ActiveCfg = Debug|Any CPU
		{62191E12-B194-47DE-9328-E3F01E7CB12E}.Debug|Any CPU.Build.0 = Debug|Any CPU
		{62191E12-B194-47DE-9328-E3F01E7CB12E}.Release|Any CPU.ActiveCfg = Release|Any CPU
		{62191E12-B194-47DE-9328-E3F01E7CB12E}.Release|Any CPU.Build.0 = Release|Any CPU
		{982FBD14-3AAC-43E4-B357-3D325576191F}.Debug|Any CPU.ActiveCfg = Debug|Any CPU
		{982FBD14-3AAC-43E4-B357-3D325576191F}.Debug|Any CPU.Build.0 = Debug|Any CPU
		{982FBD14-3AAC-43E4-B357-3D325576191F}.Release|Any CPU.ActiveCfg = Release|Any CPU
		{982FBD14-3AAC-43E4-B357-3D325576191F}.Release|Any CPU.Build.0 = Release|Any CPU
		{4B116E97-CCC3-4B68-BEDB-DBD1FD7DB053}.Debug|Any CPU.ActiveCfg = Debug|Any CPU
		{4B116E97-CCC3-4B68-BEDB-DBD1FD7DB053}.Debug|Any CPU.Build.0 = Debug|Any CPU
		{4B116E97-CCC3-4B68-BEDB-DBD1FD7DB053}.Release|Any CPU.ActiveCfg = Release|Any CPU
		{4B116E97-CCC3-4B68-BEDB-DBD1FD7DB053}.Release|Any CPU.Build.0 = Release|Any CPU
		{E4954EE1-6FE6-4798-B3B2-7B32ADCA15C0}.Debug|Any CPU.ActiveCfg = Debug|Any CPU
		{E4954EE1-6FE6-4798-B3B2-7B32ADCA15C0}.Debug|Any CPU.Build.0 = Debug|Any CPU
		{E4954EE1-6FE6-4798-B3B2-7B32ADCA15C0}.Release|Any CPU.ActiveCfg = Release|Any CPU
		{E4954EE1-6FE6-4798-B3B2-7B32ADCA15C0}.Release|Any CPU.Build.0 = Release|Any CPU
		{997C42D1-D625-4035-B019-A2F88576A828}.Debug|Any CPU.ActiveCfg = Debug|Any CPU
		{997C42D1-D625-4035-B019-A2F88576A828}.Debug|Any CPU.Build.0 = Debug|Any CPU
		{997C42D1-D625-4035-B019-A2F88576A828}.Release|Any CPU.ActiveCfg = Release|Any CPU
		{997C42D1-D625-4035-B019-A2F88576A828}.Release|Any CPU.Build.0 = Release|Any CPU
		{45AF68D6-8048-4533-8001-C3025CF8EB43}.Debug|Any CPU.ActiveCfg = Debug|Any CPU
		{45AF68D6-8048-4533-8001-C3025CF8EB43}.Debug|Any CPU.Build.0 = Debug|Any CPU
		{45AF68D6-8048-4533-8001-C3025CF8EB43}.Release|Any CPU.ActiveCfg = Release|Any CPU
		{45AF68D6-8048-4533-8001-C3025CF8EB43}.Release|Any CPU.Build.0 = Release|Any CPU
	EndGlobalSection
	GlobalSection(SolutionProperties) = preSolution
		HideSolutionNode = FALSE
	EndGlobalSection
	GlobalSection(ExtensibilityGlobals) = postSolution
		SolutionGuid = {97670147-7282-4532-ACA7-6D13F1FCD996}
	EndGlobalSection
EndGlobal
