
Microsoft Visual Studio Solution File, Format Version 12.00
# Visual Studio Version 17
VisualStudioVersion = 17.2.32630.192
MinimumVisualStudioVersion = 10.0.40219.1
Project("{9A19103F-16F7-4668-BE54-9A1E7A4F7556}") = "R5T.F0047", "R5T.F0047\R5T.F0047.csproj", "{A16291E7-C136-459A-A6B6-AF3EE3B6F935}"
EndProject
Project("{2150E333-8FDC-42A3-9474-1A3956D46DE8}") = "_Dependencies", "_Dependencies", "{1F34D631-C7D6-48AD-8949-510EB8394FC7}"
EndProject
Project("{9A19103F-16F7-4668-BE54-9A1E7A4F7556}") = "R5T.T0131", "..\..\R5T.T0131\source\R5T.T0131\R5T.T0131.csproj", "{3B86E36A-F0B2-4F94-A0A8-A647518D29B7}"
EndProject
Project("{9A19103F-16F7-4668-BE54-9A1E7A4F7556}") = "R5T.T0132", "..\..\R5T.T0132\source\R5T.T0132\R5T.T0132.csproj", "{53979081-0F7B-43C0-854A-5269CD3B378E}"
EndProject
Project("{9A19103F-16F7-4668-BE54-9A1E7A4F7556}") = "R5T.F0000", "..\..\R5T.F0000\source\R5T.F0000\R5T.F0000.csproj", "{D3F122E6-2823-4AFF-AECB-9E09C1F7FC96}"
EndProject
Project("{9A19103F-16F7-4668-BE54-9A1E7A4F7556}") = "R5T.Z0013", "..\..\R5T.Z0013\source\R5T.Z0013\R5T.Z0013.csproj", "{837CF764-197B-4363-9B9F-47D729C3FDB2}"
EndProject
Global
	GlobalSection(SolutionConfigurationPlatforms) = preSolution
		Debug|Any CPU = Debug|Any CPU
		Release|Any CPU = Release|Any CPU
	EndGlobalSection
	GlobalSection(ProjectConfigurationPlatforms) = postSolution
		{A16291E7-C136-459A-A6B6-AF3EE3B6F935}.Debug|Any CPU.ActiveCfg = Debug|Any CPU
		{A16291E7-C136-459A-A6B6-AF3EE3B6F935}.Debug|Any CPU.Build.0 = Debug|Any CPU
		{A16291E7-C136-459A-A6B6-AF3EE3B6F935}.Release|Any CPU.ActiveCfg = Release|Any CPU
		{A16291E7-C136-459A-A6B6-AF3EE3B6F935}.Release|Any CPU.Build.0 = Release|Any CPU
		{3B86E36A-F0B2-4F94-A0A8-A647518D29B7}.Debug|Any CPU.ActiveCfg = Debug|Any CPU
		{3B86E36A-F0B2-4F94-A0A8-A647518D29B7}.Debug|Any CPU.Build.0 = Debug|Any CPU
		{3B86E36A-F0B2-4F94-A0A8-A647518D29B7}.Release|Any CPU.ActiveCfg = Release|Any CPU
		{3B86E36A-F0B2-4F94-A0A8-A647518D29B7}.Release|Any CPU.Build.0 = Release|Any CPU
		{53979081-0F7B-43C0-854A-5269CD3B378E}.Debug|Any CPU.ActiveCfg = Debug|Any CPU
		{53979081-0F7B-43C0-854A-5269CD3B378E}.Debug|Any CPU.Build.0 = Debug|Any CPU
		{53979081-0F7B-43C0-854A-5269CD3B378E}.Release|Any CPU.ActiveCfg = Release|Any CPU
		{53979081-0F7B-43C0-854A-5269CD3B378E}.Release|Any CPU.Build.0 = Release|Any CPU
		{D3F122E6-2823-4AFF-AECB-9E09C1F7FC96}.Debug|Any CPU.ActiveCfg = Debug|Any CPU
		{D3F122E6-2823-4AFF-AECB-9E09C1F7FC96}.Debug|Any CPU.Build.0 = Debug|Any CPU
		{D3F122E6-2823-4AFF-AECB-9E09C1F7FC96}.Release|Any CPU.ActiveCfg = Release|Any CPU
		{D3F122E6-2823-4AFF-AECB-9E09C1F7FC96}.Release|Any CPU.Build.0 = Release|Any CPU
		{837CF764-197B-4363-9B9F-47D729C3FDB2}.Debug|Any CPU.ActiveCfg = Debug|Any CPU
		{837CF764-197B-4363-9B9F-47D729C3FDB2}.Debug|Any CPU.Build.0 = Debug|Any CPU
		{837CF764-197B-4363-9B9F-47D729C3FDB2}.Release|Any CPU.ActiveCfg = Release|Any CPU
		{837CF764-197B-4363-9B9F-47D729C3FDB2}.Release|Any CPU.Build.0 = Release|Any CPU
	EndGlobalSection
	GlobalSection(SolutionProperties) = preSolution
		HideSolutionNode = FALSE
	EndGlobalSection
	GlobalSection(NestedProjects) = preSolution
		{3B86E36A-F0B2-4F94-A0A8-A647518D29B7} = {1F34D631-C7D6-48AD-8949-510EB8394FC7}
		{53979081-0F7B-43C0-854A-5269CD3B378E} = {1F34D631-C7D6-48AD-8949-510EB8394FC7}
		{D3F122E6-2823-4AFF-AECB-9E09C1F7FC96} = {1F34D631-C7D6-48AD-8949-510EB8394FC7}
		{837CF764-197B-4363-9B9F-47D729C3FDB2} = {1F34D631-C7D6-48AD-8949-510EB8394FC7}
	EndGlobalSection
	GlobalSection(ExtensibilityGlobals) = postSolution
		SolutionGuid = {4298BA0A-5A23-429E-8BB9-A4944AAB667F}
	EndGlobalSection
EndGlobal
